// !$*UTF8*$!
{
	archiveVersion = 1;
	classes = {
	};
	objectVersion = 50;
	objects = {

/* Begin PBXBuildFile section */
		BDE110942590CF88007278BE /* AppDelegate.swift in Sources */ = {isa = PBXBuildFile; fileRef = BDE110932590CF88007278BE /* AppDelegate.swift */; };
		BDE110962590CF88007278BE /* SceneDelegate.swift in Sources */ = {isa = PBXBuildFile; fileRef = BDE110952590CF88007278BE /* SceneDelegate.swift */; };
		BDE1109D2590CF88007278BE /* Assets.xcassets in Resources */ = {isa = PBXBuildFile; fileRef = BDE1109C2590CF88007278BE /* Assets.xcassets */; };
		BDE110A02590CF88007278BE /* LaunchScreen.storyboard in Resources */ = {isa = PBXBuildFile; fileRef = BDE1109E2590CF88007278BE /* LaunchScreen.storyboard */; };
		BDE110B62590CF89007278BE /* transactionsUITests.swift in Sources */ = {isa = PBXBuildFile; fileRef = BDE110B52590CF89007278BE /* transactionsUITests.swift */; };
		BDE110D82590D17D007278BE /* Coordinator.swift in Sources */ = {isa = PBXBuildFile; fileRef = BDE110D72590D17D007278BE /* Coordinator.swift */; };
		BDE110DD2590D182007278BE /* Storyboarded.swift in Sources */ = {isa = PBXBuildFile; fileRef = BDE110DC2590D182007278BE /* Storyboarded.swift */; };
		BDE110E22590D186007278BE /* MainCoordinator.swift in Sources */ = {isa = PBXBuildFile; fileRef = BDE110E12590D186007278BE /* MainCoordinator.swift */; };
		BDE110E92590D1E0007278BE /* LandingViewController.swift in Sources */ = {isa = PBXBuildFile; fileRef = BDE110E82590D1E0007278BE /* LandingViewController.swift */; };
		BDE110EE2590D1E5007278BE /* Landing.storyboard in Resources */ = {isa = PBXBuildFile; fileRef = BDE110ED2590D1E5007278BE /* Landing.storyboard */; };
		BDE110FA2590D32B007278BE /* LandingViewModel.swift in Sources */ = {isa = PBXBuildFile; fileRef = BDE110F92590D32B007278BE /* LandingViewModel.swift */; };
		BDE1110B2590D432007278BE /* TransactLog.storyboard in Resources */ = {isa = PBXBuildFile; fileRef = BDE111082590D432007278BE /* TransactLog.storyboard */; };
		BDE1110C2590D432007278BE /* TransactLogViewController.swift in Sources */ = {isa = PBXBuildFile; fileRef = BDE111092590D432007278BE /* TransactLogViewController.swift */; };
		BDE1110D2590D432007278BE /* TransactLogCell.swift in Sources */ = {isa = PBXBuildFile; fileRef = BDE1110A2590D432007278BE /* TransactLogCell.swift */; };
		BDE111142590D458007278BE /* TransactLogDataSource.swift in Sources */ = {isa = PBXBuildFile; fileRef = BDE111122590D458007278BE /* TransactLogDataSource.swift */; };
		BDE111152590D458007278BE /* TransactViewModel.swift in Sources */ = {isa = PBXBuildFile; fileRef = BDE111132590D458007278BE /* TransactViewModel.swift */; };
		BDE1111C2590D470007278BE /* LandingVMTests.swift in Sources */ = {isa = PBXBuildFile; fileRef = BDE111192590D470007278BE /* LandingVMTests.swift */; };
		BDE1111E2590D470007278BE /* TransActLogVMTests.swift in Sources */ = {isa = PBXBuildFile; fileRef = BDE1111B2590D470007278BE /* TransActLogVMTests.swift */; };
		BDE111292590D4BF007278BE /* TxCurrency.swift in Sources */ = {isa = PBXBuildFile; fileRef = BDE111252590D4BF007278BE /* TxCurrency.swift */; };
		BDE1112A2590D4BF007278BE /* LoginResponse.swift in Sources */ = {isa = PBXBuildFile; fileRef = BDE111262590D4BF007278BE /* LoginResponse.swift */; };
		BDE1112B2590D4BF007278BE /* TxType.swift in Sources */ = {isa = PBXBuildFile; fileRef = BDE111272590D4BF007278BE /* TxType.swift */; };
		BDE1112C2590D4BF007278BE /* Transaction.swift in Sources */ = {isa = PBXBuildFile; fileRef = BDE111282590D4BF007278BE /* Transaction.swift */; };
		BDE111322590D4DD007278BE /* API.swift in Sources */ = {isa = PBXBuildFile; fileRef = BDE111312590D4DD007278BE /* API.swift */; };
		BDE1113C2590D64A007278BE /* String+Utils.swift in Sources */ = {isa = PBXBuildFile; fileRef = BDE111392590D64A007278BE /* String+Utils.swift */; };
		BDE1113D2590D64A007278BE /* Date+Utils.swift in Sources */ = {isa = PBXBuildFile; fileRef = BDE1113A2590D64A007278BE /* Date+Utils.swift */; };
		BDE1113E2590D64A007278BE /* UIColor+Utils.swift in Sources */ = {isa = PBXBuildFile; fileRef = BDE1113B2590D64A007278BE /* UIColor+Utils.swift */; };
		BDE111482590D686007278BE /* failedLogin.json in Resources */ = {isa = PBXBuildFile; fileRef = BDE111452590D686007278BE /* failedLogin.json */; };
		BDE111492590D686007278BE /* successfulLogin.json in Resources */ = {isa = PBXBuildFile; fileRef = BDE111462590D686007278BE /* successfulLogin.json */; };
		BDE1114A2590D686007278BE /* txLog.json in Resources */ = {isa = PBXBuildFile; fileRef = BDE111472590D686007278BE /* txLog.json */; };
/* End PBXBuildFile section */

/* Begin PBXContainerItemProxy section */
		BDE110A72590CF89007278BE /* PBXContainerItemProxy */ = {
			isa = PBXContainerItemProxy;
			containerPortal = BDE110882590CF88007278BE /* Project object */;
			proxyType = 1;
			remoteGlobalIDString = BDE1108F2590CF88007278BE;
			remoteInfo = transactions;
		};
		BDE110B22590CF89007278BE /* PBXContainerItemProxy */ = {
			isa = PBXContainerItemProxy;
			containerPortal = BDE110882590CF88007278BE /* Project object */;
			proxyType = 1;
			remoteGlobalIDString = BDE1108F2590CF88007278BE;
			remoteInfo = transactions;
		};
/* End PBXContainerItemProxy section */

/* Begin PBXFileReference section */
		BDE110902590CF88007278BE /* transactions.app */ = {isa = PBXFileReference; explicitFileType = wrapper.application; includeInIndex = 0; path = transactions.app; sourceTree = BUILT_PRODUCTS_DIR; };
		BDE110932590CF88007278BE /* AppDelegate.swift */ = {isa = PBXFileReference; lastKnownFileType = sourcecode.swift; path = AppDelegate.swift; sourceTree = "<group>"; };
		BDE110952590CF88007278BE /* SceneDelegate.swift */ = {isa = PBXFileReference; lastKnownFileType = sourcecode.swift; path = SceneDelegate.swift; sourceTree = "<group>"; };
		BDE1109C2590CF88007278BE /* Assets.xcassets */ = {isa = PBXFileReference; lastKnownFileType = folder.assetcatalog; path = Assets.xcassets; sourceTree = "<group>"; };
		BDE1109F2590CF88007278BE /* Base */ = {isa = PBXFileReference; lastKnownFileType = file.storyboard; name = Base; path = Base.lproj/LaunchScreen.storyboard; sourceTree = "<group>"; };
		BDE110A12590CF88007278BE /* Info.plist */ = {isa = PBXFileReference; lastKnownFileType = text.plist.xml; path = Info.plist; sourceTree = "<group>"; };
		BDE110A62590CF89007278BE /* transactionsTests.xctest */ = {isa = PBXFileReference; explicitFileType = wrapper.cfbundle; includeInIndex = 0; path = transactionsTests.xctest; sourceTree = BUILT_PRODUCTS_DIR; };
		BDE110AC2590CF89007278BE /* Info.plist */ = {isa = PBXFileReference; lastKnownFileType = text.plist.xml; path = Info.plist; sourceTree = "<group>"; };
		BDE110B12590CF89007278BE /* transactionsUITests.xctest */ = {isa = PBXFileReference; explicitFileType = wrapper.cfbundle; includeInIndex = 0; path = transactionsUITests.xctest; sourceTree = BUILT_PRODUCTS_DIR; };
		BDE110B52590CF89007278BE /* transactionsUITests.swift */ = {isa = PBXFileReference; lastKnownFileType = sourcecode.swift; path = transactionsUITests.swift; sourceTree = "<group>"; };
		BDE110B72590CF89007278BE /* Info.plist */ = {isa = PBXFileReference; lastKnownFileType = text.plist.xml; path = Info.plist; sourceTree = "<group>"; };
		BDE110D72590D17D007278BE /* Coordinator.swift */ = {isa = PBXFileReference; fileEncoding = 4; lastKnownFileType = sourcecode.swift; path = Coordinator.swift; sourceTree = "<group>"; };
		BDE110DC2590D182007278BE /* Storyboarded.swift */ = {isa = PBXFileReference; fileEncoding = 4; lastKnownFileType = sourcecode.swift; path = Storyboarded.swift; sourceTree = "<group>"; };
		BDE110E12590D186007278BE /* MainCoordinator.swift */ = {isa = PBXFileReference; fileEncoding = 4; lastKnownFileType = sourcecode.swift; path = MainCoordinator.swift; sourceTree = "<group>"; };
		BDE110E82590D1E0007278BE /* LandingViewController.swift */ = {isa = PBXFileReference; fileEncoding = 4; lastKnownFileType = sourcecode.swift; path = LandingViewController.swift; sourceTree = "<group>"; };
		BDE110ED2590D1E5007278BE /* Landing.storyboard */ = {isa = PBXFileReference; fileEncoding = 4; lastKnownFileType = file.storyboard; path = Landing.storyboard; sourceTree = "<group>"; };
		BDE110F92590D32B007278BE /* LandingViewModel.swift */ = {isa = PBXFileReference; fileEncoding = 4; lastKnownFileType = sourcecode.swift; path = LandingViewModel.swift; sourceTree = "<group>"; };
		BDE111082590D432007278BE /* TransactLog.storyboard */ = {isa = PBXFileReference; fileEncoding = 4; lastKnownFileType = file.storyboard; path = TransactLog.storyboard; sourceTree = "<group>"; };
		BDE111092590D432007278BE /* TransactLogViewController.swift */ = {isa = PBXFileReference; fileEncoding = 4; lastKnownFileType = sourcecode.swift; path = TransactLogViewController.swift; sourceTree = "<group>"; };
		BDE1110A2590D432007278BE /* TransactLogCell.swift */ = {isa = PBXFileReference; fileEncoding = 4; lastKnownFileType = sourcecode.swift; path = TransactLogCell.swift; sourceTree = "<group>"; };
		BDE111122590D458007278BE /* TransactLogDataSource.swift */ = {isa = PBXFileReference; fileEncoding = 4; lastKnownFileType = sourcecode.swift; path = TransactLogDataSource.swift; sourceTree = "<group>"; };
		BDE111132590D458007278BE /* TransactViewModel.swift */ = {isa = PBXFileReference; fileEncoding = 4; lastKnownFileType = sourcecode.swift; path = TransactViewModel.swift; sourceTree = "<group>"; };
		BDE111192590D470007278BE /* LandingVMTests.swift */ = {isa = PBXFileReference; fileEncoding = 4; lastKnownFileType = sourcecode.swift; path = LandingVMTests.swift; sourceTree = "<group>"; };
		BDE1111B2590D470007278BE /* TransActLogVMTests.swift */ = {isa = PBXFileReference; fileEncoding = 4; lastKnownFileType = sourcecode.swift; path = TransActLogVMTests.swift; sourceTree = "<group>"; };
		BDE111252590D4BF007278BE /* TxCurrency.swift */ = {isa = PBXFileReference; fileEncoding = 4; lastKnownFileType = sourcecode.swift; path = TxCurrency.swift; sourceTree = "<group>"; };
		BDE111262590D4BF007278BE /* LoginResponse.swift */ = {isa = PBXFileReference; fileEncoding = 4; lastKnownFileType = sourcecode.swift; path = LoginResponse.swift; sourceTree = "<group>"; };
		BDE111272590D4BF007278BE /* TxType.swift */ = {isa = PBXFileReference; fileEncoding = 4; lastKnownFileType = sourcecode.swift; path = TxType.swift; sourceTree = "<group>"; };
		BDE111282590D4BF007278BE /* Transaction.swift */ = {isa = PBXFileReference; fileEncoding = 4; lastKnownFileType = sourcecode.swift; path = Transaction.swift; sourceTree = "<group>"; };
		BDE111312590D4DD007278BE /* API.swift */ = {isa = PBXFileReference; fileEncoding = 4; lastKnownFileType = sourcecode.swift; path = API.swift; sourceTree = "<group>"; };
		BDE111392590D64A007278BE /* String+Utils.swift */ = {isa = PBXFileReference; fileEncoding = 4; lastKnownFileType = sourcecode.swift; path = "String+Utils.swift"; sourceTree = "<group>"; };
		BDE1113A2590D64A007278BE /* Date+Utils.swift */ = {isa = PBXFileReference; fileEncoding = 4; lastKnownFileType = sourcecode.swift; path = "Date+Utils.swift"; sourceTree = "<group>"; };
		BDE1113B2590D64A007278BE /* UIColor+Utils.swift */ = {isa = PBXFileReference; fileEncoding = 4; lastKnownFileType = sourcecode.swift; path = "UIColor+Utils.swift"; sourceTree = "<group>"; };
		BDE111452590D686007278BE /* failedLogin.json */ = {isa = PBXFileReference; fileEncoding = 4; lastKnownFileType = text.json; path = failedLogin.json; sourceTree = "<group>"; };
		BDE111462590D686007278BE /* successfulLogin.json */ = {isa = PBXFileReference; fileEncoding = 4; lastKnownFileType = text.json; path = successfulLogin.json; sourceTree = "<group>"; };
		BDE111472590D686007278BE /* txLog.json */ = {isa = PBXFileReference; fileEncoding = 4; lastKnownFileType = text.json; path = txLog.json; sourceTree = "<group>"; };
/* End PBXFileReference section */

/* Begin PBXFrameworksBuildPhase section */
		BDE1108D2590CF88007278BE /* Frameworks */ = {
			isa = PBXFrameworksBuildPhase;
			buildActionMask = 2147483647;
			files = (
			);
			runOnlyForDeploymentPostprocessing = 0;
		};
		BDE110A32590CF88007278BE /* Frameworks */ = {
			isa = PBXFrameworksBuildPhase;
			buildActionMask = 2147483647;
			files = (
			);
			runOnlyForDeploymentPostprocessing = 0;
		};
		BDE110AE2590CF89007278BE /* Frameworks */ = {
			isa = PBXFrameworksBuildPhase;
			buildActionMask = 2147483647;
			files = (
			);
			runOnlyForDeploymentPostprocessing = 0;
		};
/* End PBXFrameworksBuildPhase section */

/* Begin PBXGroup section */
		BDE110872590CF88007278BE = {
			isa = PBXGroup;
			children = (
				BDE110922590CF88007278BE /* transactions */,
				BDE110A92590CF89007278BE /* transactionsTests */,
				BDE110B42590CF89007278BE /* transactionsUITests */,
				BDE110912590CF88007278BE /* Products */,
			);
			sourceTree = "<group>";
		};
		BDE110912590CF88007278BE /* Products */ = {
			isa = PBXGroup;
			children = (
				BDE110902590CF88007278BE /* transactions.app */,
				BDE110A62590CF89007278BE /* transactionsTests.xctest */,
				BDE110B12590CF89007278BE /* transactionsUITests.xctest */,
			);
			name = Products;
			sourceTree = "<group>";
		};
		BDE110922590CF88007278BE /* transactions */ = {
			isa = PBXGroup;
			children = (
				BDE110C82590D03C007278BE /* Resources */,
				BDE111302590D4DD007278BE /* Service */,
				BDE110C62590D031007278BE /* Navigation */,
				BDE110C72590D037007278BE /* Flows */,
				BDE110C92590D04B007278BE /* Extensions */,
				BDE110CA2590D055007278BE /* Model */,
				BDE110932590CF88007278BE /* AppDelegate.swift */,
				BDE110952590CF88007278BE /* SceneDelegate.swift */,
				BDE1109C2590CF88007278BE /* Assets.xcassets */,
				BDE1109E2590CF88007278BE /* LaunchScreen.storyboard */,
				BDE110A12590CF88007278BE /* Info.plist */,
			);
			path = transactions;
			sourceTree = "<group>";
		};
		BDE110A92590CF89007278BE /* transactionsTests */ = {
			isa = PBXGroup;
			children = (
				BDE111192590D470007278BE /* LandingVMTests.swift */,
				BDE1111B2590D470007278BE /* TransActLogVMTests.swift */,
				BDE110AC2590CF89007278BE /* Info.plist */,
			);
			path = transactionsTests;
			sourceTree = "<group>";
		};
		BDE110B42590CF89007278BE /* transactionsUITests */ = {
			isa = PBXGroup;
			children = (
				BDE110B52590CF89007278BE /* transactionsUITests.swift */,
				BDE110B72590CF89007278BE /* Info.plist */,
			);
			path = transactionsUITests;
			sourceTree = "<group>";
		};
		BDE110C62590D031007278BE /* Navigation */ = {
			isa = PBXGroup;
			children = (
				BDE110D72590D17D007278BE /* Coordinator.swift */,
				BDE110DC2590D182007278BE /* Storyboarded.swift */,
				BDE110E12590D186007278BE /* MainCoordinator.swift */,
			);
			path = Navigation;
			sourceTree = "<group>";
		};
		BDE110C72590D037007278BE /* Flows */ = {
			isa = PBXGroup;
			children = (
				BDE110E62590D1CC007278BE /* Landing */,
				BDE111062590D41E007278BE /* TransactLog */,
			);
			path = Flows;
			sourceTree = "<group>";
		};
		BDE110C82590D03C007278BE /* Resources */ = {
			isa = PBXGroup;
			children = (
				BDE111452590D686007278BE /* failedLogin.json */,
				BDE111462590D686007278BE /* successfulLogin.json */,
				BDE111472590D686007278BE /* txLog.json */,
			);
			path = Resources;
			sourceTree = "<group>";
		};
		BDE110C92590D04B007278BE /* Extensions */ = {
			isa = PBXGroup;
			children = (
				BDE1113A2590D64A007278BE /* Date+Utils.swift */,
				BDE111392590D64A007278BE /* String+Utils.swift */,
				BDE1113B2590D64A007278BE /* UIColor+Utils.swift */,
			);
			path = Extensions;
			sourceTree = "<group>";
		};
		BDE110CA2590D055007278BE /* Model */ = {
			isa = PBXGroup;
			children = (
				BDE111262590D4BF007278BE /* LoginResponse.swift */,
				BDE111282590D4BF007278BE /* Transaction.swift */,
				BDE111252590D4BF007278BE /* TxCurrency.swift */,
				BDE111272590D4BF007278BE /* TxType.swift */,
			);
			path = Model;
			sourceTree = "<group>";
		};
		BDE110E62590D1CC007278BE /* Landing */ = {
			isa = PBXGroup;
			children = (
				BDE110F82590D325007278BE /* ViewModel */,
				BDE110E72590D1D4007278BE /* Views */,
			);
			path = Landing;
			sourceTree = "<group>";
		};
		BDE110E72590D1D4007278BE /* Views */ = {
			isa = PBXGroup;
			children = (
				BDE110E82590D1E0007278BE /* LandingViewController.swift */,
				BDE110ED2590D1E5007278BE /* Landing.storyboard */,
			);
			path = Views;
			sourceTree = "<group>";
		};
		BDE110F82590D325007278BE /* ViewModel */ = {
			isa = PBXGroup;
			children = (
				BDE110F92590D32B007278BE /* LandingViewModel.swift */,
			);
			path = ViewModel;
			sourceTree = "<group>";
		};
		BDE111062590D41E007278BE /* TransactLog */ = {
			isa = PBXGroup;
			children = (
				BDE111072590D425007278BE /* Views */,
				BDE111112590D458007278BE /* ViewModel */,
			);
			path = TransactLog;
			sourceTree = "<group>";
		};
		BDE111072590D425007278BE /* Views */ = {
			isa = PBXGroup;
			children = (
				BDE111082590D432007278BE /* TransactLog.storyboard */,
				BDE1110A2590D432007278BE /* TransactLogCell.swift */,
				BDE111092590D432007278BE /* TransactLogViewController.swift */,
			);
			path = Views;
			sourceTree = "<group>";
		};
		BDE111112590D458007278BE /* ViewModel */ = {
			isa = PBXGroup;
			children = (
				BDE111122590D458007278BE /* TransactLogDataSource.swift */,
				BDE111132590D458007278BE /* TransactViewModel.swift */,
			);
			path = ViewModel;
			sourceTree = "<group>";
		};
		BDE111302590D4DD007278BE /* Service */ = {
			isa = PBXGroup;
			children = (
				BDE111312590D4DD007278BE /* API.swift */,
			);
			path = Service;
			sourceTree = "<group>";
		};
/* End PBXGroup section */

/* Begin PBXNativeTarget section */
		BDE1108F2590CF88007278BE /* transactions */ = {
			isa = PBXNativeTarget;
			buildConfigurationList = BDE110BA2590CF89007278BE /* Build configuration list for PBXNativeTarget "transactions" */;
			buildPhases = (
				BDE1108C2590CF88007278BE /* Sources */,
				BDE1108D2590CF88007278BE /* Frameworks */,
				BDE1108E2590CF88007278BE /* Resources */,
			);
			buildRules = (
			);
			dependencies = (
			);
			name = transactions;
			productName = transactions;
			productReference = BDE110902590CF88007278BE /* transactions.app */;
			productType = "com.apple.product-type.application";
		};
		BDE110A52590CF88007278BE /* transactionsTests */ = {
			isa = PBXNativeTarget;
			buildConfigurationList = BDE110BD2590CF89007278BE /* Build configuration list for PBXNativeTarget "transactionsTests" */;
			buildPhases = (
				BDE110A22590CF88007278BE /* Sources */,
				BDE110A32590CF88007278BE /* Frameworks */,
				BDE110A42590CF88007278BE /* Resources */,
			);
			buildRules = (
			);
			dependencies = (
				BDE110A82590CF89007278BE /* PBXTargetDependency */,
			);
			name = transactionsTests;
			productName = transactionsTests;
			productReference = BDE110A62590CF89007278BE /* transactionsTests.xctest */;
			productType = "com.apple.product-type.bundle.unit-test";
		};
		BDE110B02590CF89007278BE /* transactionsUITests */ = {
			isa = PBXNativeTarget;
			buildConfigurationList = BDE110C02590CF89007278BE /* Build configuration list for PBXNativeTarget "transactionsUITests" */;
			buildPhases = (
				BDE110AD2590CF89007278BE /* Sources */,
				BDE110AE2590CF89007278BE /* Frameworks */,
				BDE110AF2590CF89007278BE /* Resources */,
			);
			buildRules = (
			);
			dependencies = (
				BDE110B32590CF89007278BE /* PBXTargetDependency */,
			);
			name = transactionsUITests;
			productName = transactionsUITests;
			productReference = BDE110B12590CF89007278BE /* transactionsUITests.xctest */;
			productType = "com.apple.product-type.bundle.ui-testing";
		};
/* End PBXNativeTarget section */

/* Begin PBXProject section */
		BDE110882590CF88007278BE /* Project object */ = {
			isa = PBXProject;
			attributes = {
				LastSwiftUpdateCheck = 1230;
				LastUpgradeCheck = 1230;
				TargetAttributes = {
					BDE1108F2590CF88007278BE = {
						CreatedOnToolsVersion = 12.3;
					};
					BDE110A52590CF88007278BE = {
						CreatedOnToolsVersion = 12.3;
						TestTargetID = BDE1108F2590CF88007278BE;
					};
					BDE110B02590CF89007278BE = {
						CreatedOnToolsVersion = 12.3;
						TestTargetID = BDE1108F2590CF88007278BE;
					};
				};
			};
			buildConfigurationList = BDE1108B2590CF88007278BE /* Build configuration list for PBXProject "transactions" */;
			compatibilityVersion = "Xcode 9.3";
			developmentRegion = en;
			hasScannedForEncodings = 0;
			knownRegions = (
				en,
				Base,
			);
			mainGroup = BDE110872590CF88007278BE;
			productRefGroup = BDE110912590CF88007278BE /* Products */;
			projectDirPath = "";
			projectRoot = "";
			targets = (
				BDE1108F2590CF88007278BE /* transactions */,
				BDE110A52590CF88007278BE /* transactionsTests */,
				BDE110B02590CF89007278BE /* transactionsUITests */,
			);
		};
/* End PBXProject section */

/* Begin PBXResourcesBuildPhase section */
		BDE1108E2590CF88007278BE /* Resources */ = {
			isa = PBXResourcesBuildPhase;
			buildActionMask = 2147483647;
			files = (
				BDE110EE2590D1E5007278BE /* Landing.storyboard in Resources */,
				BDE110A02590CF88007278BE /* LaunchScreen.storyboard in Resources */,
				BDE111482590D686007278BE /* failedLogin.json in Resources */,
				BDE1109D2590CF88007278BE /* Assets.xcassets in Resources */,
				BDE1114A2590D686007278BE /* txLog.json in Resources */,
				BDE1110B2590D432007278BE /* TransactLog.storyboard in Resources */,
				BDE111492590D686007278BE /* successfulLogin.json in Resources */,
			);
			runOnlyForDeploymentPostprocessing = 0;
		};
		BDE110A42590CF88007278BE /* Resources */ = {
			isa = PBXResourcesBuildPhase;
			buildActionMask = 2147483647;
			files = (
			);
			runOnlyForDeploymentPostprocessing = 0;
		};
		BDE110AF2590CF89007278BE /* Resources */ = {
			isa = PBXResourcesBuildPhase;
			buildActionMask = 2147483647;
			files = (
			);
			runOnlyForDeploymentPostprocessing = 0;
		};
/* End PBXResourcesBuildPhase section */

/* Begin PBXSourcesBuildPhase section */
		BDE1108C2590CF88007278BE /* Sources */ = {
			isa = PBXSourcesBuildPhase;
			buildActionMask = 2147483647;
			files = (
				BDE110942590CF88007278BE /* AppDelegate.swift in Sources */,
				BDE1113D2590D64A007278BE /* Date+Utils.swift in Sources */,
				BDE1113C2590D64A007278BE /* String+Utils.swift in Sources */,
				BDE110962590CF88007278BE /* SceneDelegate.swift in Sources */,
				BDE1110D2590D432007278BE /* TransactLogCell.swift in Sources */,
				BDE110D82590D17D007278BE /* Coordinator.swift in Sources */,
				BDE1110C2590D432007278BE /* TransactLogViewController.swift in Sources */,
				BDE110E22590D186007278BE /* MainCoordinator.swift in Sources */,
				BDE1112A2590D4BF007278BE /* LoginResponse.swift in Sources */,
				BDE111292590D4BF007278BE /* TxCurrency.swift in Sources */,
				BDE110E92590D1E0007278BE /* LandingViewController.swift in Sources */,
				BDE1112B2590D4BF007278BE /* TxType.swift in Sources */,
				BDE111152590D458007278BE /* TransactViewModel.swift in Sources */,
				BDE111142590D458007278BE /* TransactLogDataSource.swift in Sources */,
				BDE110FA2590D32B007278BE /* LandingViewModel.swift in Sources */,
				BDE110DD2590D182007278BE /* Storyboarded.swift in Sources */,
				BDE111322590D4DD007278BE /* API.swift in Sources */,
				BDE1112C2590D4BF007278BE /* Transaction.swift in Sources */,
				BDE1113E2590D64A007278BE /* UIColor+Utils.swift in Sources */,
			);
			runOnlyForDeploymentPostprocessing = 0;
		};
		BDE110A22590CF88007278BE /* Sources */ = {
			isa = PBXSourcesBuildPhase;
			buildActionMask = 2147483647;
			files = (
				BDE1111C2590D470007278BE /* LandingVMTests.swift in Sources */,
				BDE1111E2590D470007278BE /* TransActLogVMTests.swift in Sources */,
			);
			runOnlyForDeploymentPostprocessing = 0;
		};
		BDE110AD2590CF89007278BE /* Sources */ = {
			isa = PBXSourcesBuildPhase;
			buildActionMask = 2147483647;
			files = (
				BDE110B62590CF89007278BE /* transactionsUITests.swift in Sources */,
			);
			runOnlyForDeploymentPostprocessing = 0;
		};
/* End PBXSourcesBuildPhase section */

/* Begin PBXTargetDependency section */
		BDE110A82590CF89007278BE /* PBXTargetDependency */ = {
			isa = PBXTargetDependency;
			target = BDE1108F2590CF88007278BE /* transactions */;
			targetProxy = BDE110A72590CF89007278BE /* PBXContainerItemProxy */;
		};
		BDE110B32590CF89007278BE /* PBXTargetDependency */ = {
			isa = PBXTargetDependency;
			target = BDE1108F2590CF88007278BE /* transactions */;
			targetProxy = BDE110B22590CF89007278BE /* PBXContainerItemProxy */;
		};
/* End PBXTargetDependency section */

/* Begin PBXVariantGroup section */
		BDE1109E2590CF88007278BE /* LaunchScreen.storyboard */ = {
			isa = PBXVariantGroup;
			children = (
				BDE1109F2590CF88007278BE /* Base */,
			);
			name = LaunchScreen.storyboard;
			sourceTree = "<group>";
		};
/* End PBXVariantGroup section */

/* Begin XCBuildConfiguration section */
		BDE110B82590CF89007278BE /* Debug */ = {
			isa = XCBuildConfiguration;
			buildSettings = {
				ALWAYS_SEARCH_USER_PATHS = NO;
				CLANG_ANALYZER_NONNULL = YES;
				CLANG_ANALYZER_NUMBER_OBJECT_CONVERSION = YES_AGGRESSIVE;
				CLANG_CXX_LANGUAGE_STANDARD = "gnu++14";
				CLANG_CXX_LIBRARY = "libc++";
				CLANG_ENABLE_MODULES = YES;
				CLANG_ENABLE_OBJC_ARC = YES;
				CLANG_ENABLE_OBJC_WEAK = YES;
				CLANG_WARN_BLOCK_CAPTURE_AUTORELEASING = YES;
				CLANG_WARN_BOOL_CONVERSION = YES;
				CLANG_WARN_COMMA = YES;
				CLANG_WARN_CONSTANT_CONVERSION = YES;
				CLANG_WARN_DEPRECATED_OBJC_IMPLEMENTATIONS = YES;
				CLANG_WARN_DIRECT_OBJC_ISA_USAGE = YES_ERROR;
				CLANG_WARN_DOCUMENTATION_COMMENTS = YES;
				CLANG_WARN_EMPTY_BODY = YES;
				CLANG_WARN_ENUM_CONVERSION = YES;
				CLANG_WARN_INFINITE_RECURSION = YES;
				CLANG_WARN_INT_CONVERSION = YES;
				CLANG_WARN_NON_LITERAL_NULL_CONVERSION = YES;
				CLANG_WARN_OBJC_IMPLICIT_RETAIN_SELF = YES;
				CLANG_WARN_OBJC_LITERAL_CONVERSION = YES;
				CLANG_WARN_OBJC_ROOT_CLASS = YES_ERROR;
				CLANG_WARN_QUOTED_INCLUDE_IN_FRAMEWORK_HEADER = YES;
				CLANG_WARN_RANGE_LOOP_ANALYSIS = YES;
				CLANG_WARN_STRICT_PROTOTYPES = YES;
				CLANG_WARN_SUSPICIOUS_MOVE = YES;
				CLANG_WARN_UNGUARDED_AVAILABILITY = YES_AGGRESSIVE;
				CLANG_WARN_UNREACHABLE_CODE = YES;
				CLANG_WARN__DUPLICATE_METHOD_MATCH = YES;
				COPY_PHASE_STRIP = NO;
				DEBUG_INFORMATION_FORMAT = dwarf;
				ENABLE_STRICT_OBJC_MSGSEND = YES;
				ENABLE_TESTABILITY = YES;
				GCC_C_LANGUAGE_STANDARD = gnu11;
				GCC_DYNAMIC_NO_PIC = NO;
				GCC_NO_COMMON_BLOCKS = YES;
				GCC_OPTIMIZATION_LEVEL = 0;
				GCC_PREPROCESSOR_DEFINITIONS = (
					"DEBUG=1",
					"$(inherited)",
				);
				GCC_WARN_64_TO_32_BIT_CONVERSION = YES;
				GCC_WARN_ABOUT_RETURN_TYPE = YES_ERROR;
				GCC_WARN_UNDECLARED_SELECTOR = YES;
				GCC_WARN_UNINITIALIZED_AUTOS = YES_AGGRESSIVE;
				GCC_WARN_UNUSED_FUNCTION = YES;
				GCC_WARN_UNUSED_VARIABLE = YES;
				IPHONEOS_DEPLOYMENT_TARGET = 14.3;
				MTL_ENABLE_DEBUG_INFO = INCLUDE_SOURCE;
				MTL_FAST_MATH = YES;
				ONLY_ACTIVE_ARCH = YES;
				SDKROOT = iphoneos;
				SWIFT_ACTIVE_COMPILATION_CONDITIONS = DEBUG;
				SWIFT_OPTIMIZATION_LEVEL = "-Onone";
			};
			name = Debug;
		};
		BDE110B92590CF89007278BE /* Release */ = {
			isa = XCBuildConfiguration;
			buildSettings = {
				ALWAYS_SEARCH_USER_PATHS = NO;
				CLANG_ANALYZER_NONNULL = YES;
				CLANG_ANALYZER_NUMBER_OBJECT_CONVERSION = YES_AGGRESSIVE;
				CLANG_CXX_LANGUAGE_STANDARD = "gnu++14";
				CLANG_CXX_LIBRARY = "libc++";
				CLANG_ENABLE_MODULES = YES;
				CLANG_ENABLE_OBJC_ARC = YES;
				CLANG_ENABLE_OBJC_WEAK = YES;
				CLANG_WARN_BLOCK_CAPTURE_AUTORELEASING = YES;
				CLANG_WARN_BOOL_CONVERSION = YES;
				CLANG_WARN_COMMA = YES;
				CLANG_WARN_CONSTANT_CONVERSION = YES;
				CLANG_WARN_DEPRECATED_OBJC_IMPLEMENTATIONS = YES;
				CLANG_WARN_DIRECT_OBJC_ISA_USAGE = YES_ERROR;
				CLANG_WARN_DOCUMENTATION_COMMENTS = YES;
				CLANG_WARN_EMPTY_BODY = YES;
				CLANG_WARN_ENUM_CONVERSION = YES;
				CLANG_WARN_INFINITE_RECURSION = YES;
				CLANG_WARN_INT_CONVERSION = YES;
				CLANG_WARN_NON_LITERAL_NULL_CONVERSION = YES;
				CLANG_WARN_OBJC_IMPLICIT_RETAIN_SELF = YES;
				CLANG_WARN_OBJC_LITERAL_CONVERSION = YES;
				CLANG_WARN_OBJC_ROOT_CLASS = YES_ERROR;
				CLANG_WARN_QUOTED_INCLUDE_IN_FRAMEWORK_HEADER = YES;
				CLANG_WARN_RANGE_LOOP_ANALYSIS = YES;
				CLANG_WARN_STRICT_PROTOTYPES = YES;
				CLANG_WARN_SUSPICIOUS_MOVE = YES;
				CLANG_WARN_UNGUARDED_AVAILABILITY = YES_AGGRESSIVE;
				CLANG_WARN_UNREACHABLE_CODE = YES;
				CLANG_WARN__DUPLICATE_METHOD_MATCH = YES;
				COPY_PHASE_STRIP = NO;
				DEBUG_INFORMATION_FORMAT = "dwarf-with-dsym";
				ENABLE_NS_ASSERTIONS = NO;
				ENABLE_STRICT_OBJC_MSGSEND = YES;
				GCC_C_LANGUAGE_STANDARD = gnu11;
				GCC_NO_COMMON_BLOCKS = YES;
				GCC_WARN_64_TO_32_BIT_CONVERSION = YES;
				GCC_WARN_ABOUT_RETURN_TYPE = YES_ERROR;
				GCC_WARN_UNDECLARED_SELECTOR = YES;
				GCC_WARN_UNINITIALIZED_AUTOS = YES_AGGRESSIVE;
				GCC_WARN_UNUSED_FUNCTION = YES;
				GCC_WARN_UNUSED_VARIABLE = YES;
				IPHONEOS_DEPLOYMENT_TARGET = 14.3;
				MTL_ENABLE_DEBUG_INFO = NO;
				MTL_FAST_MATH = YES;
				SDKROOT = iphoneos;
				SWIFT_COMPILATION_MODE = wholemodule;
				SWIFT_OPTIMIZATION_LEVEL = "-O";
				VALIDATE_PRODUCT = YES;
			};
			name = Release;
		};
		BDE110BB2590CF89007278BE /* Debug */ = {
			isa = XCBuildConfiguration;
			buildSettings = {
				ASSETCATALOG_COMPILER_APPICON_NAME = AppIcon;
				ASSETCATALOG_COMPILER_GLOBAL_ACCENT_COLOR_NAME = AccentColor;
				CODE_SIGN_STYLE = Automatic;
				DEVELOPMENT_TEAM = 63RLDCR3AD;
				INFOPLIST_FILE = transactions/Info.plist;
				LD_RUNPATH_SEARCH_PATHS = (
					"$(inherited)",
					"@executable_path/Frameworks",
				);
				PRODUCT_BUNDLE_IDENTIFIER = com.sparker.transactions;
				PRODUCT_NAME = "$(TARGET_NAME)";
				SWIFT_VERSION = 5.0;
				TARGETED_DEVICE_FAMILY = "1,2";
			};
			name = Debug;
		};
		BDE110BC2590CF89007278BE /* Release */ = {
			isa = XCBuildConfiguration;
			buildSettings = {
				ASSETCATALOG_COMPILER_APPICON_NAME = AppIcon;
				ASSETCATALOG_COMPILER_GLOBAL_ACCENT_COLOR_NAME = AccentColor;
				CODE_SIGN_STYLE = Automatic;
				DEVELOPMENT_TEAM = 63RLDCR3AD;
				INFOPLIST_FILE = transactions/Info.plist;
				LD_RUNPATH_SEARCH_PATHS = (
					"$(inherited)",
					"@executable_path/Frameworks",
				);
				PRODUCT_BUNDLE_IDENTIFIER = com.sparker.transactions;
				PRODUCT_NAME = "$(TARGET_NAME)";
				SWIFT_VERSION = 5.0;
				TARGETED_DEVICE_FAMILY = "1,2";
			};
			name = Release;
		};
		BDE110BE2590CF89007278BE /* Debug */ = {
			isa = XCBuildConfiguration;
			buildSettings = {
				ALWAYS_EMBED_SWIFT_STANDARD_LIBRARIES = YES;
				BUNDLE_LOADER = "$(TEST_HOST)";
				CODE_SIGN_STYLE = Automatic;
				DEVELOPMENT_TEAM = 63RLDCR3AD;
				INFOPLIST_FILE = transactionsTests/Info.plist;
				IPHONEOS_DEPLOYMENT_TARGET = 14.3;
				LD_RUNPATH_SEARCH_PATHS = (
					"$(inherited)",
					"@executable_path/Frameworks",
					"@loader_path/Frameworks",
				);
				PRODUCT_BUNDLE_IDENTIFIER = com.sparker.transactionsTests;
				PRODUCT_NAME = "$(TARGET_NAME)";
				SWIFT_VERSION = 5.0;
				TARGETED_DEVICE_FAMILY = "1,2";
				TEST_HOST = "$(BUILT_PRODUCTS_DIR)/transactions.app/transactions";
			};
			name = Debug;
		};
		BDE110BF2590CF89007278BE /* Release */ = {
			isa = XCBuildConfiguration;
			buildSettings = {
				ALWAYS_EMBED_SWIFT_STANDARD_LIBRARIES = YES;
				BUNDLE_LOADER = "$(TEST_HOST)";
				CODE_SIGN_STYLE = Automatic;
				DEVELOPMENT_TEAM = 63RLDCR3AD;
				INFOPLIST_FILE = transactionsTests/Info.plist;
				IPHONEOS_DEPLOYMENT_TARGET = 14.3;
				LD_RUNPATH_SEARCH_PATHS = (
					"$(inherited)",
					"@executable_path/Frameworks",
					"@loader_path/Frameworks",
				);
				PRODUCT_BUNDLE_IDENTIFIER = com.sparker.transactionsTests;
				PRODUCT_NAME = "$(TARGET_NAME)";
				SWIFT_VERSION = 5.0;
				TARGETED_DEVICE_FAMILY = "1,2";
				TEST_HOST = "$(BUILT_PRODUCTS_DIR)/transactions.app/transactions";
			};
			name = Release;
		};
		BDE110C12590CF89007278BE /* Debug */ = {
			isa = XCBuildConfiguration;
			buildSettings = {
				ALWAYS_EMBED_SWIFT_STANDARD_LIBRARIES = YES;
				CODE_SIGN_STYLE = Automatic;
				DEVELOPMENT_TEAM = 63RLDCR3AD;
				INFOPLIST_FILE = transactionsUITests/Info.plist;
				LD_RUNPATH_SEARCH_PATHS = (
					"$(inherited)",
					"@executable_path/Frameworks",
					"@loader_path/Frameworks",
				);
				PRODUCT_BUNDLE_IDENTIFIER = com.sparker.transactionsUITests;
				PRODUCT_NAME = "$(TARGET_NAME)";
				SWIFT_VERSION = 5.0;
				TARGETED_DEVICE_FAMILY = "1,2";
				TEST_TARGET_NAME = transactions;
			};
			name = Debug;
		};
		BDE110C22590CF89007278BE /* Release */ = {
			isa = XCBuildConfiguration;
			buildSettings = {
				ALWAYS_EMBED_SWIFT_STANDARD_LIBRARIES = YES;
				CODE_SIGN_STYLE = Automatic;
				DEVELOPMENT_TEAM = 63RLDCR3AD;
				INFOPLIST_FILE = transactionsUITests/Info.plist;
				LD_RUNPATH_SEARCH_PATHS = (
					"$(inherited)",
					"@executable_path/Frameworks",
					"@loader_path/Frameworks",
				);
				PRODUCT_BUNDLE_IDENTIFIER = com.sparker.transactionsUITests;
				PRODUCT_NAME = "$(TARGET_NAME)";
				SWIFT_VERSION = 5.0;
				TARGETED_DEVICE_FAMILY = "1,2";
				TEST_TARGET_NAME = transactions;
			};
			name = Release;
		};
/* End XCBuildConfiguration section */

/* Begin XCConfigurationList section */
		BDE1108B2590CF88007278BE /* Build configuration list for PBXProject "transactions" */ = {
			isa = XCConfigurationList;
			buildConfigurations = (
				BDE110B82590CF89007278BE /* Debug */,
				BDE110B92590CF89007278BE /* Release */,
			);
			defaultConfigurationIsVisible = 0;
			defaultConfigurationName = Release;
		};
		BDE110BA2590CF89007278BE /* Build configuration list for PBXNativeTarget "transactions" */ = {
			isa = XCConfigurationList;
			buildConfigurations = (
				BDE110BB2590CF89007278BE /* Debug */,
				BDE110BC2590CF89007278BE /* Release */,
			);
			defaultConfigurationIsVisible = 0;
			defaultConfigurationName = Release;
		};
		BDE110BD2590CF89007278BE /* Build configuration list for PBXNativeTarget "transactionsTests" */ = {
			isa = XCConfigurationList;
			buildConfigurations = (
				BDE110BE2590CF89007278BE /* Debug */,
				BDE110BF2590CF89007278BE /* Release */,
			);
			defaultConfigurationIsVisible = 0;
			defaultConfigurationName = Release;
		};
		BDE110C02590CF89007278BE /* Build configuration list for PBXNativeTarget "transactionsUITests" */ = {
			isa = XCConfigurationList;
			buildConfigurations = (
				BDE110C12590CF89007278BE /* Debug */,
				BDE110C22590CF89007278BE /* Release */,
			);
			defaultConfigurationIsVisible = 0;
			defaultConfigurationName = Release;
		};
/* End XCConfigurationList section */
	};
	rootObject = BDE110882590CF88007278BE /* Project object */;
}
